
Microsoft Visual Studio Solution File, Format Version 12.00
# Visual Studio 2013
Project("{FAE04EC0-301F-11D3-BF4B-00C04F79EFBC}") = "UnityVS.RGB.CSharp.Editor", "UnityVS.RGB.CSharp.Editor.csproj", "{0A758357-CB97-F21E-20CF-41BD02D4BB1F}"
EndProject
Project("{FAE04EC0-301F-11D3-BF4B-00C04F79EFBC}") = "UnityVS.RGB.CSharp", "UnityVS.RGB.CSharp.csproj", "{5C5433AF-8B24-067D-643D-13942D059BE6}"
EndProject
Project("{FAE04EC0-301F-11D3-BF4B-00C04F79EFBC}") = "UnityVS.RGB.CSharp.Plugins", "UnityVS.RGB.CSharp.Plugins.csproj", "{539CE5A2-F866-BEB5-1596-3BAADAC73704}"
EndProject
Global
	GlobalSection(SolutionConfigurationPlatforms) = preSolution
		Debug|Any CPU = Debug|Any CPU
		Release|Any CPU = Release|Any CPU
	EndGlobalSection
	GlobalSection(ProjectConfigurationPlatforms) = postSolution
		{0A758357-CB97-F21E-20CF-41BD02D4BB1F}.Debug|Any CPU.ActiveCfg = Debug|Any CPU
		{0A758357-CB97-F21E-20CF-41BD02D4BB1F}.Debug|Any CPU.Build.0 = Debug|Any CPU
		{0A758357-CB97-F21E-20CF-41BD02D4BB1F}.Release|Any CPU.ActiveCfg = Release|Any CPU
		{0A758357-CB97-F21E-20CF-41BD02D4BB1F}.Release|Any CPU.Build.0 = Release|Any CPU
		{5C5433AF-8B24-067D-643D-13942D059BE6}.Debug|Any CPU.ActiveCfg = Debug|Any CPU
		{5C5433AF-8B24-067D-643D-13942D059BE6}.Debug|Any CPU.Build.0 = Debug|Any CPU
		{5C5433AF-8B24-067D-643D-13942D059BE6}.Release|Any CPU.ActiveCfg = Release|Any CPU
		{5C5433AF-8B24-067D-643D-13942D059BE6}.Release|Any CPU.Build.0 = Release|Any CPU
		{539CE5A2-F866-BEB5-1596-3BAADAC73704}.Debug|Any CPU.ActiveCfg = Debug|Any CPU
		{539CE5A2-F866-BEB5-1596-3BAADAC73704}.Debug|Any CPU.Build.0 = Debug|Any CPU
		{539CE5A2-F866-BEB5-1596-3BAADAC73704}.Release|Any CPU.ActiveCfg = Release|Any CPU
		{539CE5A2-F866-BEB5-1596-3BAADAC73704}.Release|Any CPU.Build.0 = Release|Any CPU
	EndGlobalSection
	GlobalSection(SolutionProperties) = preSolution
		HideSolutionNode = FALSE
	EndGlobalSection
EndGlobal
